
Microsoft Visual Studio Solution File, Format Version 12.00
# Visual Studio Version 16
VisualStudioVersion = 16.0.31424.327
MinimumVisualStudioVersion = 10.0.40219.1
Project("{9A19103F-16F7-4668-BE54-9A1E7A4F7556}") = "Vejrudsigten", "Vejrudsigten\Vejrudsigten.csproj", "{D9A9C618-E9BA-4D91-8C95-F7288882DE91}"
EndProject
Project("{FAE04EC0-301F-11D3-BF4B-00C04F79EFBC}") = "Unittest", "Unittest\Unittest.csproj", "{DA98D5AD-102C-4D61-88EE-6B4D3E776810}"
EndProject
Project("{FAE04EC0-301F-11D3-BF4B-00C04F79EFBC}") = "Systemintegrationstest", "Systemintegrationstest\Systemintegrationstest.csproj", "{0D3EB618-35D0-4B05-9444-149632771C4D}"
EndProject
Global
	GlobalSection(SolutionConfigurationPlatforms) = preSolution
		Debug|Any CPU = Debug|Any CPU
		Release|Any CPU = Release|Any CPU
	EndGlobalSection
	GlobalSection(ProjectConfigurationPlatforms) = postSolution
		{D9A9C618-E9BA-4D91-8C95-F7288882DE91}.Debug|Any CPU.ActiveCfg = Debug|Any CPU
		{D9A9C618-E9BA-4D91-8C95-F7288882DE91}.Debug|Any CPU.Build.0 = Debug|Any CPU
		{D9A9C618-E9BA-4D91-8C95-F7288882DE91}.Release|Any CPU.ActiveCfg = Release|Any CPU
		{D9A9C618-E9BA-4D91-8C95-F7288882DE91}.Release|Any CPU.Build.0 = Release|Any CPU
		{DA98D5AD-102C-4D61-88EE-6B4D3E776810}.Debug|Any CPU.ActiveCfg = Debug|Any CPU
		{DA98D5AD-102C-4D61-88EE-6B4D3E776810}.Debug|Any CPU.Build.0 = Debug|Any CPU
		{DA98D5AD-102C-4D61-88EE-6B4D3E776810}.Release|Any CPU.ActiveCfg = Release|Any CPU
		{DA98D5AD-102C-4D61-88EE-6B4D3E776810}.Release|Any CPU.Build.0 = Release|Any CPU
		{0D3EB618-35D0-4B05-9444-149632771C4D}.Debug|Any CPU.ActiveCfg = Debug|Any CPU
		{0D3EB618-35D0-4B05-9444-149632771C4D}.Debug|Any CPU.Build.0 = Debug|Any CPU
		{0D3EB618-35D0-4B05-9444-149632771C4D}.Release|Any CPU.ActiveCfg = Release|Any CPU
		{0D3EB618-35D0-4B05-9444-149632771C4D}.Release|Any CPU.Build.0 = Release|Any CPU
	EndGlobalSection
	GlobalSection(SolutionProperties) = preSolution
		HideSolutionNode = FALSE
	EndGlobalSection
	GlobalSection(ExtensibilityGlobals) = postSolution
		SolutionGuid = {F334BAD5-5AB6-44E3-B32A-4FA7B065C7AA}
	EndGlobalSection
EndGlobal
